Microsoft Visual Studio Solution File, Format Version 11.00
# Visual Studio 2008

Project("{3738B768-E54B-003C-0DA8-804E503E06E9}") = "WhatTheHack", "Assembly-CSharp.csproj", "{36D2F144-E5CC-0CDD-022F-5059F0D5E86F}"
EndProject
Global
	GlobalSection(SolutionConfigurationPlatforms) = preSolution
		Debug|Any CPU = Debug|Any CPU
		Release|Any CPU = Release|Any CPU
	EndGlobalSection
	GlobalSection(ProjectConfigurationPlatforms) = postSolution
		{36D2F144-E5CC-0CDD-022F-5059F0D5E86F}.Debug|Any CPU.ActiveCfg = Debug|Any CPU
		{36D2F144-E5CC-0CDD-022F-5059F0D5E86F}.Debug|Any CPU.Build.0 = Debug|Any CPU
		{36D2F144-E5CC-0CDD-022F-5059F0D5E86F}.Release|Any CPU.ActiveCfg = Release|Any CPU
		{36D2F144-E5CC-0CDD-022F-5059F0D5E86F}.Release|Any CPU.Build.0 = Release|Any CPU
	EndGlobalSection
	GlobalSection(SolutionProperties) = preSolution
		HideSolutionNode = FALSE
	EndGlobalSection
	GlobalSection(MonoDevelopProperties) = preSolution
		StartupItem = Assembly-CSharp.csproj
	EndGlobalSection
EndGlobal
